
Microsoft Visual Studio Solution File, Format Version 12.00
# Visual Studio Version 17
VisualStudioVersion = 17.10.35013.160
MinimumVisualStudioVersion = 10.0.40219.1
Project("{9A19103F-16F7-4668-BE54-9A1E7A4F7556}") = "TMS.API", "TMS.API\TMS.API.csproj", "{22E8CD99-4B89-41E4-A0CE-CAA19F0F4741}"
EndProject
Project("{2150E333-8FDC-42A3-9474-1A3956D46DE8}") = "TMS.Infrastructure", "TMS.Infrastructure", "{9264D662-40E9-450C-990C-559F330798D1}"
EndProject
Project("{9A19103F-16F7-4668-BE54-9A1E7A4F7556}") = "TMS.Application.Tests", "TMS.Tests\TMS.Application.Tests.csproj", "{FFE716E8-CC54-429E-83D4-E918BEF42957}"
EndProject
Project("{2150E333-8FDC-42A3-9474-1A3956D46DE8}") = "TMS.Tests", "TMS.Tests", "{50189F3C-1ECD-48DD-B3FC-BC02D559B10E}"
EndProject
Project("{2150E333-8FDC-42A3-9474-1A3956D46DE8}") = "TMS.Application", "TMS.Application", "{B034027D-7E95-4504-946E-03A178310E76}"
EndProject
Project("{2150E333-8FDC-42A3-9474-1A3956D46DE8}") = "TMS.Abstractions", "TMS.Abstractions", "{02EA681E-C7D8-13C7-8484-4AC65E1B71E8}"
EndProject
Project("{FAE04EC0-301F-11D3-BF4B-00C04F79EFBC}") = "TMS.Abstractions", "TMS.Abstractions\TMS.Abstractions.csproj", "{676F3929-90CA-4465-AAD5-3446EE7D9D73}"
EndProject
Project("{FAE04EC0-301F-11D3-BF4B-00C04F79EFBC}") = "TMS.Infrastructure.DataAccess", "TMS.Infrastructure\TMS.Infrastructure.DataAccess\TMS.Infrastructure.DataAccess.csproj", "{7AC8B42F-16DE-199E-52D6-90098A35B20F}"
EndProject
Project("{FAE04EC0-301F-11D3-BF4B-00C04F79EFBC}") = "TMS.Infrastructure.Abstractions", "TMS.Infrastructure\TMS.Infrastructure.Abstractions\TMS.Infrastructure.Abstractions.csproj", "{E8485F9B-3E15-A3EC-AA71-335280152EE2}"
EndProject
Project("{FAE04EC0-301F-11D3-BF4B-00C04F79EFBC}") = "TMS.Infrastructure.DataModels", "TMS.Infrastructure\TMS.Infrastructure.DataModels\TMS.Infrastructure.DataModels.csproj", "{A32557DC-0428-434B-8AFD-F7946CFC6AF8}"
EndProject
Project("{FAE04EC0-301F-11D3-BF4B-00C04F79EFBC}") = "TMS.Application.Abstractions", "TMS.Application\TMS.Application.Abstractions\TMS.Application.Abstractions.csproj", "{7A571CE6-87C4-48CE-A089-467788DFAABB}"
EndProject
Project("{FAE04EC0-301F-11D3-BF4B-00C04F79EFBC}") = "TMS.Application", "TMS.Application\TMS.Application\TMS.Application.csproj", "{7B005A5B-BC50-AD29-15A3-D46EF0FE1FA3}"
EndProject
Project("{FAE04EC0-301F-11D3-BF4B-00C04F79EFBC}") = "TMS.Application.Dto", "TMS.Application\TMS.Application.Dto\TMS.Application.Dto.csproj", "{58D67459-6B5D-C447-8A13-9AABC9411D7B}"
EndProject
Global
	GlobalSection(SolutionConfigurationPlatforms) = preSolution
		Debug|Any CPU = Debug|Any CPU
		Release|Any CPU = Release|Any CPU
	EndGlobalSection
	GlobalSection(ProjectConfigurationPlatforms) = postSolution
		{22E8CD99-4B89-41E4-A0CE-CAA19F0F4741}.Debug|Any CPU.ActiveCfg = Debug|Any CPU
		{22E8CD99-4B89-41E4-A0CE-CAA19F0F4741}.Debug|Any CPU.Build.0 = Debug|Any CPU
		{22E8CD99-4B89-41E4-A0CE-CAA19F0F4741}.Release|Any CPU.ActiveCfg = Release|Any CPU
		{22E8CD99-4B89-41E4-A0CE-CAA19F0F4741}.Release|Any CPU.Build.0 = Release|Any CPU
		{FFE716E8-CC54-429E-83D4-E918BEF42957}.Debug|Any CPU.ActiveCfg = Debug|Any CPU
		{FFE716E8-CC54-429E-83D4-E918BEF42957}.Debug|Any CPU.Build.0 = Debug|Any CPU
		{FFE716E8-CC54-429E-83D4-E918BEF42957}.Release|Any CPU.ActiveCfg = Release|Any CPU
		{FFE716E8-CC54-429E-83D4-E918BEF42957}.Release|Any CPU.Build.0 = Release|Any CPU
		{676F3929-90CA-4465-AAD5-3446EE7D9D73}.Debug|Any CPU.ActiveCfg = Debug|Any CPU
		{676F3929-90CA-4465-AAD5-3446EE7D9D73}.Debug|Any CPU.Build.0 = Debug|Any CPU
		{676F3929-90CA-4465-AAD5-3446EE7D9D73}.Release|Any CPU.ActiveCfg = Release|Any CPU
		{676F3929-90CA-4465-AAD5-3446EE7D9D73}.Release|Any CPU.Build.0 = Release|Any CPU
		{7AC8B42F-16DE-199E-52D6-90098A35B20F}.Debug|Any CPU.ActiveCfg = Debug|Any CPU
		{7AC8B42F-16DE-199E-52D6-90098A35B20F}.Debug|Any CPU.Build.0 = Debug|Any CPU
		{7AC8B42F-16DE-199E-52D6-90098A35B20F}.Release|Any CPU.ActiveCfg = Release|Any CPU
		{7AC8B42F-16DE-199E-52D6-90098A35B20F}.Release|Any CPU.Build.0 = Release|Any CPU
		{E8485F9B-3E15-A3EC-AA71-335280152EE2}.Debug|Any CPU.ActiveCfg = Debug|Any CPU
		{E8485F9B-3E15-A3EC-AA71-335280152EE2}.Debug|Any CPU.Build.0 = Debug|Any CPU
		{E8485F9B-3E15-A3EC-AA71-335280152EE2}.Release|Any CPU.ActiveCfg = Release|Any CPU
		{E8485F9B-3E15-A3EC-AA71-335280152EE2}.Release|Any CPU.Build.0 = Release|Any CPU
		{A32557DC-0428-434B-8AFD-F7946CFC6AF8}.Debug|Any CPU.ActiveCfg = Debug|Any CPU
		{A32557DC-0428-434B-8AFD-F7946CFC6AF8}.Debug|Any CPU.Build.0 = Debug|Any CPU
		{A32557DC-0428-434B-8AFD-F7946CFC6AF8}.Release|Any CPU.ActiveCfg = Release|Any CPU
		{A32557DC-0428-434B-8AFD-F7946CFC6AF8}.Release|Any CPU.Build.0 = Release|Any CPU
		{7A571CE6-87C4-48CE-A089-467788DFAABB}.Debug|Any CPU.ActiveCfg = Debug|Any CPU
		{7A571CE6-87C4-48CE-A089-467788DFAABB}.Debug|Any CPU.Build.0 = Debug|Any CPU
		{7A571CE6-87C4-48CE-A089-467788DFAABB}.Release|Any CPU.ActiveCfg = Release|Any CPU
		{7A571CE6-87C4-48CE-A089-467788DFAABB}.Release|Any CPU.Build.0 = Release|Any CPU
		{7B005A5B-BC50-AD29-15A3-D46EF0FE1FA3}.Debug|Any CPU.ActiveCfg = Debug|Any CPU
		{7B005A5B-BC50-AD29-15A3-D46EF0FE1FA3}.Debug|Any CPU.Build.0 = Debug|Any CPU
		{7B005A5B-BC50-AD29-15A3-D46EF0FE1FA3}.Release|Any CPU.ActiveCfg = Release|Any CPU
		{7B005A5B-BC50-AD29-15A3-D46EF0FE1FA3}.Release|Any CPU.Build.0 = Release|Any CPU
		{58D67459-6B5D-C447-8A13-9AABC9411D7B}.Debug|Any CPU.ActiveCfg = Debug|Any CPU
		{58D67459-6B5D-C447-8A13-9AABC9411D7B}.Debug|Any CPU.Build.0 = Debug|Any CPU
		{58D67459-6B5D-C447-8A13-9AABC9411D7B}.Release|Any CPU.ActiveCfg = Release|Any CPU
		{58D67459-6B5D-C447-8A13-9AABC9411D7B}.Release|Any CPU.Build.0 = Release|Any CPU
	EndGlobalSection
	GlobalSection(SolutionProperties) = preSolution
		HideSolutionNode = FALSE
	EndGlobalSection
	GlobalSection(NestedProjects) = preSolution
		{FFE716E8-CC54-429E-83D4-E918BEF42957} = {50189F3C-1ECD-48DD-B3FC-BC02D559B10E}
		{676F3929-90CA-4465-AAD5-3446EE7D9D73} = {02EA681E-C7D8-13C7-8484-4AC65E1B71E8}
		{7AC8B42F-16DE-199E-52D6-90098A35B20F} = {9264D662-40E9-450C-990C-559F330798D1}
		{E8485F9B-3E15-A3EC-AA71-335280152EE2} = {9264D662-40E9-450C-990C-559F330798D1}
		{A32557DC-0428-434B-8AFD-F7946CFC6AF8} = {9264D662-40E9-450C-990C-559F330798D1}
		{7A571CE6-87C4-48CE-A089-467788DFAABB} = {B034027D-7E95-4504-946E-03A178310E76}
		{7B005A5B-BC50-AD29-15A3-D46EF0FE1FA3} = {B034027D-7E95-4504-946E-03A178310E76}
		{58D67459-6B5D-C447-8A13-9AABC9411D7B} = {B034027D-7E95-4504-946E-03A178310E76}
	EndGlobalSection
	GlobalSection(ExtensibilityGlobals) = postSolution
		SolutionGuid = {48563458-0997-4A1D-B57B-FD51160BEB5B}
	EndGlobalSection
EndGlobal
